// !$*UTF8*$!
{
	archiveVersion = 1;
	classes = {
	};
	objectVersion = 50;
	objects = {

/* Begin PBXBuildFile section */
		8CFD3C172742D87100D9B8C1 /* AppDelegate.m in Sources */ = {isa = PBXBuildFile; fileRef = 8CFD3C162742D87100D9B8C1 /* AppDelegate.m */; };
		8CFD3C1A2742D87100D9B8C1 /* SceneDelegate.m in Sources */ = {isa = PBXBuildFile; fileRef = 8CFD3C192742D87100D9B8C1 /* SceneDelegate.m */; };
		8CFD3C1D2742D87100D9B8C1 /* ViewController.m in Sources */ = {isa = PBXBuildFile; fileRef = 8CFD3C1C2742D87100D9B8C1 /* ViewController.m */; };
		8CFD3C202742D87100D9B8C1 /* Main.storyboard in Resources */ = {isa = PBXBuildFile; fileRef = 8CFD3C1E2742D87100D9B8C1 /* Main.storyboard */; };
		8CFD3C222742D87900D9B8C1 /* Assets.xcassets in Resources */ = {isa = PBXBuildFile; fileRef = 8CFD3C212742D87900D9B8C1 /* Assets.xcassets */; };
		8CFD3C252742D87900D9B8C1 /* LaunchScreen.storyboard in Resources */ = {isa = PBXBuildFile; fileRef = 8CFD3C232742D87900D9B8C1 /* LaunchScreen.storyboard */; };
		8CFD3C282742D87900D9B8C1 /* main.m in Sources */ = {isa = PBXBuildFile; fileRef = 8CFD3C272742D87900D9B8C1 /* main.m */; };
/* End PBXBuildFile section */

/* Begin PBXFileReference section */
		8CFD3C122742D87100D9B8C1 /* Obj-C_App01.app */ = {isa = PBXFileReference; explicitFileType = wrapper.application; includeInIndex = 0; path = "Obj-C_App01.app"; sourceTree = BUILT_PRODUCTS_DIR; };
		8CFD3C152742D87100D9B8C1 /* AppDelegate.h */ = {isa = PBXFileReference; lastKnownFileType = sourcecode.c.h; path = AppDelegate.h; sourceTree = "<group>"; };
		8CFD3C162742D87100D9B8C1 /* AppDelegate.m */ = {isa = PBXFileReference; lastKnownFileType = sourcecode.c.objc; path = AppDelegate.m; sourceTree = "<group>"; };
		8CFD3C182742D87100D9B8C1 /* SceneDelegate.h */ = {isa = PBXFileReference; lastKnownFileType = sourcecode.c.h; path = SceneDelegate.h; sourceTree = "<group>"; };
		8CFD3C192742D87100D9B8C1 /* SceneDelegate.m */ = {isa = PBXFileReference; lastKnownFileType = sourcecode.c.objc; path = SceneDelegate.m; sourceTree = "<group>"; };
		8CFD3C1B2742D87100D9B8C1 /* ViewController.h */ = {isa = PBXFileReference; lastKnownFileType = sourcecode.c.h; path = ViewController.h; sourceTree = "<group>"; };
		8CFD3C1C2742D87100D9B8C1 /* ViewController.m */ = {isa = PBXFileReference; lastKnownFileType = sourcecode.c.objc; path = ViewController.m; sourceTree = "<group>"; };
		8CFD3C1F2742D87100D9B8C1 /* Base */ = {isa = PBXFileReference; lastKnownFileType = file.storyboard; name = Base; path = Base.lproj/Main.storyboard; sourceTree = "<group>"; };
		8CFD3C212742D87900D9B8C1 /* Assets.xcassets */ = {isa = PBXFileReference; lastKnownFileType = folder.assetcatalog; path = Assets.xcassets; sourceTree = "<group>"; };
		8CFD3C242742D87900D9B8C1 /* Base */ = {isa = PBXFileReference; lastKnownFileType = file.storyboard; name = Base; path = Base.lproj/LaunchScreen.storyboard; sourceTree = "<group>"; };
		8CFD3C262742D87900D9B8C1 /* Info.plist */ = {isa = PBXFileReference; lastKnownFileType = text.plist.xml; path = Info.plist; sourceTree = "<group>"; };
		8CFD3C272742D87900D9B8C1 /* main.m */ = {isa = PBXFileReference; lastKnownFileType = sourcecode.c.objc; path = main.m; sourceTree = "<group>"; };
/* End PBXFileReference section */

/* Begin PBXFrameworksBuildPhase section */
		8CFD3C0F2742D87100D9B8C1 /* Frameworks */ = {
			isa = PBXFrameworksBuildPhase;
			buildActionMask = 2147483647;
			files = (
			);
			runOnlyForDeploymentPostprocessing = 0;
		};
/* End PBXFrameworksBuildPhase section */

/* Begin PBXGroup section */
		8CFD3C092742D87100D9B8C1 = {
			isa = PBXGroup;
			children = (
				8CFD3C142742D87100D9B8C1 /* Obj-C_App01 */,
				8CFD3C132742D87100D9B8C1 /* Products */,
			);
			sourceTree = "<group>";
		};
		8CFD3C132742D87100D9B8C1 /* Products */ = {
			isa = PBXGroup;
			children = (
				8CFD3C122742D87100D9B8C1 /* Obj-C_App01.app */,
			);
			name = Products;
			sourceTree = "<group>";
		};
		8CFD3C142742D87100D9B8C1 /* Obj-C_App01 */ = {
			isa = PBXGroup;
			children = (
				8CFD3C152742D87100D9B8C1 /* AppDelegate.h */,
				8CFD3C162742D87100D9B8C1 /* AppDelegate.m */,
				8CFD3C182742D87100D9B8C1 /* SceneDelegate.h */,
				8CFD3C192742D87100D9B8C1 /* SceneDelegate.m */,
				8CFD3C1B2742D87100D9B8C1 /* ViewController.h */,
				8CFD3C1C2742D87100D9B8C1 /* ViewController.m */,
				8CFD3C1E2742D87100D9B8C1 /* Main.storyboard */,
				8CFD3C212742D87900D9B8C1 /* Assets.xcassets */,
				8CFD3C232742D87900D9B8C1 /* LaunchScreen.storyboard */,
				8CFD3C262742D87900D9B8C1 /* Info.plist */,
				8CFD3C272742D87900D9B8C1 /* main.m */,
			);
			path = "Obj-C_App01";
			sourceTree = "<group>";
		};
/* End PBXGroup section */

/* Begin PBXNativeTarget section */
		8CFD3C112742D87100D9B8C1 /* Obj-C_App01 */ = {
			isa = PBXNativeTarget;
			buildConfigurationList = 8CFD3C2B2742D87900D9B8C1 /* Build configuration list for PBXNativeTarget "Obj-C_App01" */;
			buildPhases = (
				8CFD3C0E2742D87100D9B8C1 /* Sources */,
				8CFD3C0F2742D87100D9B8C1 /* Frameworks */,
				8CFD3C102742D87100D9B8C1 /* Resources */,
			);
			buildRules = (
			);
			dependencies = (
			);
			name = "Obj-C_App01";
			productName = "Obj-C_App01";
			productReference = 8CFD3C122742D87100D9B8C1 /* Obj-C_App01.app */;
			productType = "com.apple.product-type.application";
		};
/* End PBXNativeTarget section */

/* Begin PBXProject section */
		8CFD3C0A2742D87100D9B8C1 /* Project object */ = {
			isa = PBXProject;
			attributes = {
				LastUpgradeCheck = 1150;
				ORGANIZATIONNAME = "Tatsuya Moriguchi";
				TargetAttributes = {
					8CFD3C112742D87100D9B8C1 = {
						CreatedOnToolsVersion = 11.5;
					};
				};
			};
			buildConfigurationList = 8CFD3C0D2742D87100D9B8C1 /* Build configuration list for PBXProject "Obj-C_App01" */;
			compatibilityVersion = "Xcode 9.3";
			developmentRegion = en;
			hasScannedForEncodings = 0;
			knownRegions = (
				en,
				Base,
			);
			mainGroup = 8CFD3C092742D87100D9B8C1;
			productRefGroup = 8CFD3C132742D87100D9B8C1 /* Products */;
			projectDirPath = "";
			projectRoot = "";
			targets = (
				8CFD3C112742D87100D9B8C1 /* Obj-C_App01 */,
			);
		};
/* End PBXProject section */

/* Begin PBXResourcesBuildPhase section */
		8CFD3C102742D87100D9B8C1 /* Resources */ = {
			isa = PBXResourcesBuildPhase;
			buildActionMask = 2147483647;
			files = (
				8CFD3C252742D87900D9B8C1 /* LaunchScreen.storyboard in Resources */,
				8CFD3C222742D87900D9B8C1 /* Assets.xcassets in Resources */,
				8CFD3C202742D87100D9B8C1 /* Main.storyboard in Resources */,
			);
			runOnlyForDeploymentPostprocessing = 0;
		};
/* End PBXResourcesBuildPhase section */

/* Begin PBXSourcesBuildPhase section */
		8CFD3C0E2742D87100D9B8C1 /* Sources */ = {
			isa = PBXSourcesBuildPhase;
			buildActionMask = 2147483647;
			files = (
				8CFD3C1D2742D87100D9B8C1 /* ViewController.m in Sources */,
				8CFD3C172742D87100D9B8C1 /* AppDelegate.m in Sources */,
				8CFD3C282742D87900D9B8C1 /* main.m in Sources */,
				8CFD3C1A2742D87100D9B8C1 /* SceneDelegate.m in Sources */,
			);
			runOnlyForDeploymentPostprocessing = 0;
		};
/* End PBXSourcesBuildPhase section */

/* Begin PBXVariantGroup section */
		8CFD3C1E2742D87100D9B8C1 /* Main.storyboard */ = {
			isa = PBXVariantGroup;
			children = (
				8CFD3C1F2742D87100D9B8C1 /* Base */,
			);
			name = Main.storyboard;
			sourceTree = "<group>";
		};
		8CFD3C232742D87900D9B8C1 /* LaunchScreen.storyboard */ = {
			isa = PBXVariantGroup;
			children = (
				8CFD3C242742D87900D9B8C1 /* Base */,
			);
			name = LaunchScreen.storyboard;
			sourceTree = "<group>";
		};
/* End PBXVariantGroup section */

/* Begin XCBuildConfiguration section */
		8CFD3C292742D87900D9B8C1 /* Debug */ = {
			isa = XCBuildConfiguration;
			buildSettings = {
				ALWAYS_SEARCH_USER_PATHS = NO;
				CLANG_ANALYZER_NONNULL = YES;
				CLANG_ANALYZER_NUMBER_OBJECT_CONVERSION = YES_AGGRESSIVE;
				CLANG_CXX_LANGUAGE_STANDARD = "gnu++14";
				CLANG_CXX_LIBRARY = "libc++";
				CLANG_ENABLE_MODULES = YES;
				CLANG_ENABLE_OBJC_ARC = YES;
				CLANG_ENABLE_OBJC_WEAK = YES;
				CLANG_WARN_BLOCK_CAPTURE_AUTORELEASING = YES;
				CLANG_WARN_BOOL_CONVERSION = YES;
				CLANG_WARN_COMMA = YES;
				CLANG_WARN_CONSTANT_CONVERSION = YES;
				CLANG_WARN_DEPRECATED_OBJC_IMPLEMENTATIONS = YES;
				CLANG_WARN_DIRECT_OBJC_ISA_USAGE = YES_ERROR;
				CLANG_WARN_DOCUMENTATION_COMMENTS = YES;
				CLANG_WARN_EMPTY_BODY = YES;
				CLANG_WARN_ENUM_CONVERSION = YES;
				CLANG_WARN_INFINITE_RECURSION = YES;
				CLANG_WARN_INT_CONVERSION = YES;
				CLANG_WARN_NON_LITERAL_NULL_CONVERSION = YES;
				CLANG_WARN_OBJC_IMPLICIT_RETAIN_SELF = YES;
				CLANG_WARN_OBJC_LITERAL_CONVERSION = YES;
				CLANG_WARN_OBJC_ROOT_CLASS = YES_ERROR;
				CLANG_WARN_RANGE_LOOP_ANALYSIS = YES;
				CLANG_WARN_STRICT_PROTOTYPES = YES;
				CLANG_WARN_SUSPICIOUS_MOVE = YES;
				CLANG_WARN_UNGUARDED_AVAILABILITY = YES_AGGRESSIVE;
				CLANG_WARN_UNREACHABLE_CODE = YES;
				CLANG_WARN__DUPLICATE_METHOD_MATCH = YES;
				COPY_PHASE_STRIP = NO;
				DEBUG_INFORMATION_FORMAT = dwarf;
				ENABLE_STRICT_OBJC_MSGSEND = YES;
				ENABLE_TESTABILITY = YES;
				GCC_C_LANGUAGE_STANDARD = gnu11;
				GCC_DYNAMIC_NO_PIC = NO;
				GCC_NO_COMMON_BLOCKS = YES;
				GCC_OPTIMIZATION_LEVEL = 0;
				GCC_PREPROCESSOR_DEFINITIONS = (
					"DEBUG=1",
					"$(inherited)",
				);
				GCC_WARN_64_TO_32_BIT_CONVERSION = YES;
				GCC_WARN_ABOUT_RETURN_TYPE = YES_ERROR;
				GCC_WARN_UNDECLARED_SELECTOR = YES;
				GCC_WARN_UNINITIALIZED_AUTOS = YES_AGGRESSIVE;
				GCC_WARN_UNUSED_FUNCTION = YES;
				GCC_WARN_UNUSED_VARIABLE = YES;
				IPHONEOS_DEPLOYMENT_TARGET = 13.5;
				MTL_ENABLE_DEBUG_INFO = INCLUDE_SOURCE;
				MTL_FAST_MATH = YES;
				ONLY_ACTIVE_ARCH = YES;
				SDKROOT = iphoneos;
			};
			name = Debug;
		};
		8CFD3C2A2742D87900D9B8C1 /* Release */ = {
			isa = XCBuildConfiguration;
			buildSettings = {
				ALWAYS_SEARCH_USER_PATHS = NO;
				CLANG_ANALYZER_NONNULL = YES;
				CLANG_ANALYZER_NUMBER_OBJECT_CONVERSION = YES_AGGRESSIVE;
				CLANG_CXX_LANGUAGE_STANDARD = "gnu++14";
				CLANG_CXX_LIBRARY = "libc++";
				CLANG_ENABLE_MODULES = YES;
				CLANG_ENABLE_OBJC_ARC = YES;
				CLANG_ENABLE_OBJC_WEAK = YES;
				CLANG_WARN_BLOCK_CAPTURE_AUTORELEASING = YES;
				CLANG_WARN_BOOL_CONVERSION = YES;
				CLANG_WARN_COMMA = YES;
				CLANG_WARN_CONSTANT_CONVERSION = YES;
				CLANG_WARN_DEPRECATED_OBJC_IMPLEMENTATIONS = YES;
				CLANG_WARN_DIRECT_OBJC_ISA_USAGE = YES_ERROR;
				CLANG_WARN_DOCUMENTATION_COMMENTS = YES;
				CLANG_WARN_EMPTY_BODY = YES;
				CLANG_WARN_ENUM_CONVERSION = YES;
				CLANG_WARN_INFINITE_RECURSION = YES;
				CLANG_WARN_INT_CONVERSION = YES;
				CLANG_WARN_NON_LITERAL_NULL_CONVERSION = YES;
				CLANG_WARN_OBJC_IMPLICIT_RETAIN_SELF = YES;
				CLANG_WARN_OBJC_LITERAL_CONVERSION = YES;
				CLANG_WARN_OBJC_ROOT_CLASS = YES_ERROR;
				CLANG_WARN_RANGE_LOOP_ANALYSIS = YES;
				CLANG_WARN_STRICT_PROTOTYPES = YES;
				CLANG_WARN_SUSPICIOUS_MOVE = YES;
				CLANG_WARN_UNGUARDED_AVAILABILITY = YES_AGGRESSIVE;
				CLANG_WARN_UNREACHABLE_CODE = YES;
				CLANG_WARN__DUPLICATE_METHOD_MATCH = YES;
				COPY_PHASE_STRIP = NO;
				DEBUG_INFORMATION_FORMAT = "dwarf-with-dsym";
				ENABLE_NS_ASSERTIONS = NO;
				ENABLE_STRICT_OBJC_MSGSEND = YES;
				GCC_C_LANGUAGE_STANDARD = gnu11;
				GCC_NO_COMMON_BLOCKS = YES;
				GCC_WARN_64_TO_32_BIT_CONVERSION = YES;
				GCC_WARN_ABOUT_RETURN_TYPE = YES_ERROR;
				GCC_WARN_UNDECLARED_SELECTOR = YES;
				GCC_WARN_UNINITIALIZED_AUTOS = YES_AGGRESSIVE;
				GCC_WARN_UNUSED_FUNCTION = YES;
				GCC_WARN_UNUSED_VARIABLE = YES;
				IPHONEOS_DEPLOYMENT_TARGET = 13.5;
				MTL_ENABLE_DEBUG_INFO = NO;
				MTL_FAST_MATH = YES;
				SDKROOT = iphoneos;
				VALIDATE_PRODUCT = YES;
			};
			name = Release;
		};
		8CFD3C2C2742D87900D9B8C1 /* Debug */ = {
			isa = XCBuildConfiguration;
			buildSettings = {
				ASSETCATALOG_COMPILER_APPICON_NAME = AppIcon;
				CODE_SIGN_STYLE = Automatic;
				DEVELOPMENT_TEAM = GY7BG2G9TC;
				INFOPLIST_FILE = "Obj-C_App01/Info.plist";
				LD_RUNPATH_SEARCH_PATHS = (
					"$(inherited)",
					"@executable_path/Frameworks",
				);
				PRODUCT_BUNDLE_IDENTIFIER = "com.beckos.Obj-C-App01";
				PRODUCT_NAME = "$(TARGET_NAME)";
				TARGETED_DEVICE_FAMILY = "1,2";
			};
			name = Debug;
		};
		8CFD3C2D2742D87900D9B8C1 /* Release */ = {
			isa = XCBuildConfiguration;
			buildSettings = {
				ASSETCATALOG_COMPILER_APPICON_NAME = AppIcon;
				CODE_SIGN_STYLE = Automatic;
				DEVELOPMENT_TEAM = GY7BG2G9TC;
				INFOPLIST_FILE = "Obj-C_App01/Info.plist";
				LD_RUNPATH_SEARCH_PATHS = (
					"$(inherited)",
					"@executable_path/Frameworks",
				);
				PRODUCT_BUNDLE_IDENTIFIER = "com.beckos.Obj-C-App01";
				PRODUCT_NAME = "$(TARGET_NAME)";
				TARGETED_DEVICE_FAMILY = "1,2";
			};
			name = Release;
		};
/* End XCBuildConfiguration section */

/* Begin XCConfigurationList section */
		8CFD3C0D2742D87100D9B8C1 /* Build configuration list for PBXProject "Obj-C_App01" */ = {
			isa = XCConfigurationList;
			buildConfigurations = (
				8CFD3C292742D87900D9B8C1 /* Debug */,
				8CFD3C2A2742D87900D9B8C1 /* Release */,
			);
			defaultConfigurationIsVisible = 0;
			defaultConfigurationName = Release;
		};
		8CFD3C2B2742D87900D9B8C1 /* Build configuration list for PBXNativeTarget "Obj-C_App01" */ = {
			isa = XCConfigurationList;
			buildConfigurations = (
				8CFD3C2C2742D87900D9B8C1 /* Debug */,
				8CFD3C2D2742D87900D9B8C1 /* Release */,
			);
			defaultConfigurationIsVisible = 0;
			defaultConfigurationName = Release;
		};
/* End XCConfigurationList section */
	};
	rootObject = 8CFD3C0A2742D87100D9B8C1 /* Project object */;
}
